# This file is automatically @generated by Cargo.
# It is not intended for manual editing.
version = 3

[[package]]
name = "bootloader"
version = "0.9.19"
source = "registry+https://github.com/rust-lang/crates.io-index"
checksum = "b7c452074efc3c0bfb241fb7bc87df04741c7c85e926f6a07c05f8fbd6008240"

[[package]]
name = "mars_vga"
version = "0.0.1"
source = "registry+https://github.com/rust-lang/crates.io-index"
checksum = "76cdfb935f0d0433de7e6e5b0171ea1261405a9d54f1a3f70e6eb25f9c59f7f9"
dependencies = [
 "spin",
 "volatile",
]

[[package]]
name = "spin"
version = "0.5.2"
source = "registry+https://github.com/rust-lang/crates.io-index"
checksum = "6e63cff320ae2c57904679ba7cb63280a3dc4613885beafb148ee7bf9aa9042d"

[[package]]
name = "volatile"
version = "0.2.7"
source = "registry+https://github.com/rust-lang/crates.io-index"
checksum = "f6b06ad3ed06fef1713569d547cdbdb439eafed76341820fb0e0344f29a41945"

[[package]]
name = "zero_os"
version = "0.1.0"
dependencies = [
 "bootloader",
 "mars_vga",
]
